
Microsoft Visual Studio Solution File, Format Version 12.00
# Visual Studio 15
VisualStudioVersion = 15.0.28010.2026
MinimumVisualStudioVersion = 10.0.40219.1
Project("{FAE04EC0-301F-11D3-BF4B-00C04F79EFBC}") = "SoccerFieldServer.api", "SoccerFieldServer.api\SoccerFieldServer.api.csproj", "{A42C2F5F-E04A-429C-84D3-FE5E254433DC}"
EndProject
Project("{FAE04EC0-301F-11D3-BF4B-00C04F79EFBC}") = "SoccerFieldServer.Core", "SoccerFieldServer.Core\SoccerFieldServer.Core.csproj", "{6EB46839-9A1C-4778-8091-6B1E7783DB5A}"
EndProject
Project("{FAE04EC0-301F-11D3-BF4B-00C04F79EFBC}") = "SoccerFieldServer.Infrastructure", "SoccerFieldServer.Infrastructure\SoccerFieldServer.Infrastructure.csproj", "{4B1CD074-4E34-44FB-B689-A1ACAD7C9681}"
EndProject
Global
	GlobalSection(SolutionConfigurationPlatforms) = preSolution
		Debug|Any CPU = Debug|Any CPU
		Release|Any CPU = Release|Any CPU
	EndGlobalSection
	GlobalSection(ProjectConfigurationPlatforms) = postSolution
		{A42C2F5F-E04A-429C-84D3-FE5E254433DC}.Debug|Any CPU.ActiveCfg = Debug|Any CPU
		{A42C2F5F-E04A-429C-84D3-FE5E254433DC}.Debug|Any CPU.Build.0 = Debug|Any CPU
		{A42C2F5F-E04A-429C-84D3-FE5E254433DC}.Release|Any CPU.ActiveCfg = Release|Any CPU
		{A42C2F5F-E04A-429C-84D3-FE5E254433DC}.Release|Any CPU.Build.0 = Release|Any CPU
		{6EB46839-9A1C-4778-8091-6B1E7783DB5A}.Debug|Any CPU.ActiveCfg = Debug|Any CPU
		{6EB46839-9A1C-4778-8091-6B1E7783DB5A}.Debug|Any CPU.Build.0 = Debug|Any CPU
		{6EB46839-9A1C-4778-8091-6B1E7783DB5A}.Release|Any CPU.ActiveCfg = Release|Any CPU
		{6EB46839-9A1C-4778-8091-6B1E7783DB5A}.Release|Any CPU.Build.0 = Release|Any CPU
		{4B1CD074-4E34-44FB-B689-A1ACAD7C9681}.Debug|Any CPU.ActiveCfg = Debug|Any CPU
		{4B1CD074-4E34-44FB-B689-A1ACAD7C9681}.Debug|Any CPU.Build.0 = Debug|Any CPU
		{4B1CD074-4E34-44FB-B689-A1ACAD7C9681}.Release|Any CPU.ActiveCfg = Release|Any CPU
		{4B1CD074-4E34-44FB-B689-A1ACAD7C9681}.Release|Any CPU.Build.0 = Release|Any CPU
	EndGlobalSection
	GlobalSection(SolutionProperties) = preSolution
		HideSolutionNode = FALSE
	EndGlobalSection
	GlobalSection(ExtensibilityGlobals) = postSolution
		SolutionGuid = {8C658810-B859-4C36-AAD6-92034C517422}
	EndGlobalSection
EndGlobal
